// !$*UTF8*$!
{
	archiveVersion = 1;
	classes = {
	};
	objectVersion = 46;
	objects = {

/* Begin PBXBuildFile section */
		5C86FDD01C0058DF00C4A29E /* AppDelegate.swift in Sources */ = {isa = PBXBuildFile; fileRef = 5C86FDCF1C0058DF00C4A29E /* AppDelegate.swift */; };
		5C86FDD21C0058DF00C4A29E /* ViewController.swift in Sources */ = {isa = PBXBuildFile; fileRef = 5C86FDD11C0058DF00C4A29E /* ViewController.swift */; };
		5C86FDD51C0058DF00C4A29E /* Main.storyboard in Resources */ = {isa = PBXBuildFile; fileRef = 5C86FDD31C0058DF00C4A29E /* Main.storyboard */; };
		5C86FDD71C0058DF00C4A29E /* Assets.xcassets in Resources */ = {isa = PBXBuildFile; fileRef = 5C86FDD61C0058DF00C4A29E /* Assets.xcassets */; };
		5C86FDDA1C0058DF00C4A29E /* LaunchScreen.storyboard in Resources */ = {isa = PBXBuildFile; fileRef = 5C86FDD81C0058DF00C4A29E /* LaunchScreen.storyboard */; };
		5C86FDE51C0058E000C4A29E /* SwiftTesterTests.swift in Sources */ = {isa = PBXBuildFile; fileRef = 5C86FDE41C0058E000C4A29E /* SwiftTesterTests.swift */; };
		5C86FDF01C0058E000C4A29E /* SwiftTesterUITests.swift in Sources */ = {isa = PBXBuildFile; fileRef = 5C86FDEF1C0058E000C4A29E /* SwiftTesterUITests.swift */; };
		5C86FE0E1C0059BC00C4A29E /* SwiftHTTP.framework in Frameworks */ = {isa = PBXBuildFile; fileRef = 5C86FE051C00598E00C4A29E /* SwiftHTTP.framework */; };
		5C86FE2F1C005D4500C4A29E /* JSONJoy.framework in Frameworks */ = {isa = PBXBuildFile; fileRef = 5C86FE261C005D2D00C4A29E /* JSONJoy.framework */; };
/* End PBXBuildFile section */

/* Begin PBXContainerItemProxy section */
		5C86FDE11C0058E000C4A29E /* PBXContainerItemProxy */ = {
			isa = PBXContainerItemProxy;
			containerPortal = 5C86FDC41C0058DF00C4A29E /* Project object */;
			proxyType = 1;
			remoteGlobalIDString = 5C86FDCB1C0058DF00C4A29E;
			remoteInfo = SwiftTester;
		};
		5C86FDEC1C0058E000C4A29E /* PBXContainerItemProxy */ = {
			isa = PBXContainerItemProxy;
			containerPortal = 5C86FDC41C0058DF00C4A29E /* Project object */;
			proxyType = 1;
			remoteGlobalIDString = 5C86FDCB1C0058DF00C4A29E;
			remoteInfo = SwiftTester;
		};
		5C86FE041C00598E00C4A29E /* PBXContainerItemProxy */ = {
			isa = PBXContainerItemProxy;
			containerPortal = 5C86FDFD1C00598E00C4A29E /* SwiftHTTP.xcodeproj */;
			proxyType = 2;
			remoteGlobalIDString = 6BFD901619C8D8B500DD99B6;
			remoteInfo = SwiftHTTP;
		};
		5C86FE061C00598E00C4A29E /* PBXContainerItemProxy */ = {
			isa = PBXContainerItemProxy;
			containerPortal = 5C86FDFD1C00598E00C4A29E /* SwiftHTTP.xcodeproj */;
			proxyType = 2;
			remoteGlobalIDString = 6BFD902119C8D8B500DD99B6;
			remoteInfo = SwiftHTTPTests;
		};
		5C86FE081C00598E00C4A29E /* PBXContainerItemProxy */ = {
			isa = PBXContainerItemProxy;
			containerPortal = 5C86FDFD1C00598E00C4A29E /* SwiftHTTP.xcodeproj */;
			proxyType = 2;
			remoteGlobalIDString = D958025919E6EEEB003C8218;
			remoteInfo = SwiftHTTPOSX;
		};
		5C86FE0A1C00598E00C4A29E /* PBXContainerItemProxy */ = {
			isa = PBXContainerItemProxy;
			containerPortal = 5C86FDFD1C00598E00C4A29E /* SwiftHTTP.xcodeproj */;
			proxyType = 2;
			remoteGlobalIDString = D958026319E6EEEB003C8218;
			remoteInfo = SwiftHTTPOSXTests;
		};
		5C86FE0C1C0059A600C4A29E /* PBXContainerItemProxy */ = {
			isa = PBXContainerItemProxy;
			containerPortal = 5C86FDFD1C00598E00C4A29E /* SwiftHTTP.xcodeproj */;
			proxyType = 1;
			remoteGlobalIDString = 6BFD901519C8D8B500DD99B6;
			remoteInfo = SwiftHTTP;
		};
		5C86FE251C005D2D00C4A29E /* PBXContainerItemProxy */ = {
			isa = PBXContainerItemProxy;
			containerPortal = 5C86FE1E1C005D2C00C4A29E /* JSONJoy.xcodeproj */;
			proxyType = 2;
			remoteGlobalIDString = 6B3E79B719D355CF006071F7;
			remoteInfo = JSONJoy;
		};
		5C86FE271C005D2D00C4A29E /* PBXContainerItemProxy */ = {
			isa = PBXContainerItemProxy;
			containerPortal = 5C86FE1E1C005D2C00C4A29E /* JSONJoy.xcodeproj */;
			proxyType = 2;
			remoteGlobalIDString = 6B3E79C219D355CF006071F7;
			remoteInfo = JSONJoyTests;
		};
		5C86FE291C005D2D00C4A29E /* PBXContainerItemProxy */ = {
			isa = PBXContainerItemProxy;
			containerPortal = 5C86FE1E1C005D2C00C4A29E /* JSONJoy.xcodeproj */;
			proxyType = 2;
			remoteGlobalIDString = D958022E19E6ED8E003C8218;
			remoteInfo = JSONJoyOSX;
		};
		5C86FE2B1C005D2D00C4A29E /* PBXContainerItemProxy */ = {
			isa = PBXContainerItemProxy;
			containerPortal = 5C86FE1E1C005D2C00C4A29E /* JSONJoy.xcodeproj */;
			proxyType = 2;
			remoteGlobalIDString = D958023819E6ED8E003C8218;
			remoteInfo = JSONJoyOSXTests;
		};
		5C86FE2D1C005D3F00C4A29E /* PBXContainerItemProxy */ = {
			isa = PBXContainerItemProxy;
			containerPortal = 5C86FE1E1C005D2C00C4A29E /* JSONJoy.xcodeproj */;
			proxyType = 1;
			remoteGlobalIDString = 6B3E79B619D355CF006071F7;
			remoteInfo = JSONJoy;
		};
/* End PBXContainerItemProxy section */

/* Begin PBXFileReference section */
		5C86FDCC1C0058DF00C4A29E /* SwiftTester.app */ = {isa = PBXFileReference; explicitFileType = wrapper.application; includeInIndex = 0; path = SwiftTester.app; sourceTree = BUILT_PRODUCTS_DIR; };
		5C86FDCF1C0058DF00C4A29E /* AppDelegate.swift */ = {isa = PBXFileReference; lastKnownFileType = sourcecode.swift; path = AppDelegate.swift; sourceTree = "<group>"; };
		5C86FDD11C0058DF00C4A29E /* ViewController.swift */ = {isa = PBXFileReference; lastKnownFileType = sourcecode.swift; path = ViewController.swift; sourceTree = "<group>"; };
		5C86FDD41C0058DF00C4A29E /* Base */ = {isa = PBXFileReference; lastKnownFileType = file.storyboard; name = Base; path = Base.lproj/Main.storyboard; sourceTree = "<group>"; };
		5C86FDD61C0058DF00C4A29E /* Assets.xcassets */ = {isa = PBXFileReference; lastKnownFileType = folder.assetcatalog; path = Assets.xcassets; sourceTree = "<group>"; };
		5C86FDD91C0058DF00C4A29E /* Base */ = {isa = PBXFileReference; lastKnownFileType = file.storyboard; name = Base; path = Base.lproj/LaunchScreen.storyboard; sourceTree = "<group>"; };
		5C86FDDB1C0058DF00C4A29E /* Info.plist */ = {isa = PBXFileReference; lastKnownFileType = text.plist.xml; path = Info.plist; sourceTree = "<group>"; };
		5C86FDE01C0058E000C4A29E /* SwiftTesterTests.xctest */ = {isa = PBXFileReference; explicitFileType = wrapper.cfbundle; includeInIndex = 0; path = SwiftTesterTests.xctest; sourceTree = BUILT_PRODUCTS_DIR; };
		5C86FDE41C0058E000C4A29E /* SwiftTesterTests.swift */ = {isa = PBXFileReference; lastKnownFileType = sourcecode.swift; path = SwiftTesterTests.swift; sourceTree = "<group>"; };
		5C86FDE61C0058E000C4A29E /* Info.plist */ = {isa = PBXFileReference; lastKnownFileType = text.plist.xml; path = Info.plist; sourceTree = "<group>"; };
		5C86FDEB1C0058E000C4A29E /* SwiftTesterUITests.xctest */ = {isa = PBXFileReference; explicitFileType = wrapper.cfbundle; includeInIndex = 0; path = SwiftTesterUITests.xctest; sourceTree = BUILT_PRODUCTS_DIR; };
		5C86FDEF1C0058E000C4A29E /* SwiftTesterUITests.swift */ = {isa = PBXFileReference; lastKnownFileType = sourcecode.swift; path = SwiftTesterUITests.swift; sourceTree = "<group>"; };
		5C86FDF11C0058E000C4A29E /* Info.plist */ = {isa = PBXFileReference; lastKnownFileType = text.plist.xml; path = Info.plist; sourceTree = "<group>"; };
		5C86FDFD1C00598E00C4A29E /* SwiftHTTP.xcodeproj */ = {isa = PBXFileReference; lastKnownFileType = "wrapper.pb-project"; name = SwiftHTTP.xcodeproj; path = ../SwiftHTTP/SwiftHTTP.xcodeproj; sourceTree = "<group>"; };
		5C86FE1E1C005D2C00C4A29E /* JSONJoy.xcodeproj */ = {isa = PBXFileReference; lastKnownFileType = "wrapper.pb-project"; name = JSONJoy.xcodeproj; path = "/Users/dalton/code/Swift/SwiftHTTP/../JSONJoy-Swift/JSONJoy.xcodeproj"; sourceTree = "<absolute>"; };
/* End PBXFileReference section */

/* Begin PBXFrameworksBuildPhase section */
		5C86FDC91C0058DF00C4A29E /* Frameworks */ = {
			isa = PBXFrameworksBuildPhase;
			buildActionMask = 2147483647;
			files = (
				5C86FE2F1C005D4500C4A29E /* JSONJoy.framework in Frameworks */,
				5C86FE0E1C0059BC00C4A29E /* SwiftHTTP.framework in Frameworks */,
			);
			runOnlyForDeploymentPostprocessing = 0;
		};
		5C86FDDD1C0058E000C4A29E /* Frameworks */ = {
			isa = PBXFrameworksBuildPhase;
			buildActionMask = 2147483647;
			files = (
			);
			runOnlyForDeploymentPostprocessing = 0;
		};
		5C86FDE81C0058E000C4A29E /* Frameworks */ = {
			isa = PBXFrameworksBuildPhase;
			buildActionMask = 2147483647;
			files = (
			);
			runOnlyForDeploymentPostprocessing = 0;
		};
/* End PBXFrameworksBuildPhase section */

/* Begin PBXGroup section */
		5C86FDC31C0058DF00C4A29E = {
			isa = PBXGroup;
			children = (
				5C86FE1E1C005D2C00C4A29E /* JSONJoy.xcodeproj */,
				5C86FDFD1C00598E00C4A29E /* SwiftHTTP.xcodeproj */,
				5C86FDCE1C0058DF00C4A29E /* SwiftTester */,
				5C86FDE31C0058E000C4A29E /* SwiftTesterTests */,
				5C86FDEE1C0058E000C4A29E /* SwiftTesterUITests */,
				5C86FDCD1C0058DF00C4A29E /* Products */,
			);
			sourceTree = "<group>";
		};
		5C86FDCD1C0058DF00C4A29E /* Products */ = {
			isa = PBXGroup;
			children = (
				5C86FDCC1C0058DF00C4A29E /* SwiftTester.app */,
				5C86FDE01C0058E000C4A29E /* SwiftTesterTests.xctest */,
				5C86FDEB1C0058E000C4A29E /* SwiftTesterUITests.xctest */,
			);
			name = Products;
			sourceTree = "<group>";
		};
		5C86FDCE1C0058DF00C4A29E /* SwiftTester */ = {
			isa = PBXGroup;
			children = (
				5C86FDCF1C0058DF00C4A29E /* AppDelegate.swift */,
				5C86FDD11C0058DF00C4A29E /* ViewController.swift */,
				5C86FDD31C0058DF00C4A29E /* Main.storyboard */,
				5C86FDD61C0058DF00C4A29E /* Assets.xcassets */,
				5C86FDD81C0058DF00C4A29E /* LaunchScreen.storyboard */,
				5C86FDDB1C0058DF00C4A29E /* Info.plist */,
			);
			path = SwiftTester;
			sourceTree = "<group>";
		};
		5C86FDE31C0058E000C4A29E /* SwiftTesterTests */ = {
			isa = PBXGroup;
			children = (
				5C86FDE41C0058E000C4A29E /* SwiftTesterTests.swift */,
				5C86FDE61C0058E000C4A29E /* Info.plist */,
			);
			path = SwiftTesterTests;
			sourceTree = "<group>";
		};
		5C86FDEE1C0058E000C4A29E /* SwiftTesterUITests */ = {
			isa = PBXGroup;
			children = (
				5C86FDEF1C0058E000C4A29E /* SwiftTesterUITests.swift */,
				5C86FDF11C0058E000C4A29E /* Info.plist */,
			);
			path = SwiftTesterUITests;
			sourceTree = "<group>";
		};
		5C86FDFE1C00598E00C4A29E /* Products */ = {
			isa = PBXGroup;
			children = (
				5C86FE051C00598E00C4A29E /* SwiftHTTP.framework */,
				5C86FE071C00598E00C4A29E /* SwiftHTTPTests.xctest */,
				5C86FE091C00598E00C4A29E /* SwiftHTTP.framework */,
				5C86FE0B1C00598E00C4A29E /* SwiftHTTPOSXTests.xctest */,
			);
			name = Products;
			sourceTree = "<group>";
		};
		5C86FE1F1C005D2C00C4A29E /* Products */ = {
			isa = PBXGroup;
			children = (
				5C86FE261C005D2D00C4A29E /* JSONJoy.framework */,
				5C86FE281C005D2D00C4A29E /* JSONJoyTests.xctest */,
				5C86FE2A1C005D2D00C4A29E /* JSONJoy.framework */,
				5C86FE2C1C005D2D00C4A29E /* JSONJoyOSXTests.xctest */,
			);
			name = Products;
			sourceTree = "<group>";
		};
/* End PBXGroup section */

/* Begin PBXNativeTarget section */
		5C86FDCB1C0058DF00C4A29E /* SwiftTester */ = {
			isa = PBXNativeTarget;
			buildConfigurationList = 5C86FDF41C0058E000C4A29E /* Build configuration list for PBXNativeTarget "SwiftTester" */;
			buildPhases = (
				5C86FDC81C0058DF00C4A29E /* Sources */,
				5C86FDC91C0058DF00C4A29E /* Frameworks */,
				5C86FDCA1C0058DF00C4A29E /* Resources */,
			);
			buildRules = (
			);
			dependencies = (
				5C86FE2E1C005D3F00C4A29E /* PBXTargetDependency */,
				5C86FE0D1C0059A600C4A29E /* PBXTargetDependency */,
			);
			name = SwiftTester;
			productName = SwiftTester;
			productReference = 5C86FDCC1C0058DF00C4A29E /* SwiftTester.app */;
			productType = "com.apple.product-type.application";
		};
		5C86FDDF1C0058E000C4A29E /* SwiftTesterTests */ = {
			isa = PBXNativeTarget;
			buildConfigurationList = 5C86FDF71C0058E000C4A29E /* Build configuration list for PBXNativeTarget "SwiftTesterTests" */;
			buildPhases = (
				5C86FDDC1C0058E000C4A29E /* Sources */,
				5C86FDDD1C0058E000C4A29E /* Frameworks */,
				5C86FDDE1C0058E000C4A29E /* Resources */,
			);
			buildRules = (
			);
			dependencies = (
				5C86FDE21C0058E000C4A29E /* PBXTargetDependency */,
			);
			name = SwiftTesterTests;
			productName = SwiftTesterTests;
			productReference = 5C86FDE01C0058E000C4A29E /* SwiftTesterTests.xctest */;
			productType = "com.apple.product-type.bundle.unit-test";
		};
		5C86FDEA1C0058E000C4A29E /* SwiftTesterUITests */ = {
			isa = PBXNativeTarget;
			buildConfigurationList = 5C86FDFA1C0058E000C4A29E /* Build configuration list for PBXNativeTarget "SwiftTesterUITests" */;
			buildPhases = (
				5C86FDE71C0058E000C4A29E /* Sources */,
				5C86FDE81C0058E000C4A29E /* Frameworks */,
				5C86FDE91C0058E000C4A29E /* Resources */,
			);
			buildRules = (
			);
			dependencies = (
				5C86FDED1C0058E000C4A29E /* PBXTargetDependency */,
			);
			name = SwiftTesterUITests;
			productName = SwiftTesterUITests;
			productReference = 5C86FDEB1C0058E000C4A29E /* SwiftTesterUITests.xctest */;
			productType = "com.apple.product-type.bundle.ui-testing";
		};
/* End PBXNativeTarget section */

/* Begin PBXProject section */
		5C86FDC41C0058DF00C4A29E /* Project object */ = {
			isa = PBXProject;
			attributes = {
				LastUpgradeCheck = 0700;
				ORGANIZATIONNAME = Vluxe;
				TargetAttributes = {
					5C86FDCB1C0058DF00C4A29E = {
						CreatedOnToolsVersion = 7.0;
					};
					5C86FDDF1C0058E000C4A29E = {
						CreatedOnToolsVersion = 7.0;
						TestTargetID = 5C86FDCB1C0058DF00C4A29E;
					};
					5C86FDEA1C0058E000C4A29E = {
						CreatedOnToolsVersion = 7.0;
						TestTargetID = 5C86FDCB1C0058DF00C4A29E;
					};
				};
			};
			buildConfigurationList = 5C86FDC71C0058DF00C4A29E /* Build configuration list for PBXProject "SwiftTester" */;
			compatibilityVersion = "Xcode 3.2";
			developmentRegion = English;
			hasScannedForEncodings = 0;
			knownRegions = (
				en,
				Base,
			);
			mainGroup = 5C86FDC31C0058DF00C4A29E;
			productRefGroup = 5C86FDCD1C0058DF00C4A29E /* Products */;
			projectDirPath = "";
			projectReferences = (
				{
					ProductGroup = 5C86FE1F1C005D2C00C4A29E /* Products */;
					ProjectRef = 5C86FE1E1C005D2C00C4A29E /* JSONJoy.xcodeproj */;
				},
				{
					ProductGroup = 5C86FDFE1C00598E00C4A29E /* Products */;
					ProjectRef = 5C86FDFD1C00598E00C4A29E /* SwiftHTTP.xcodeproj */;
				},
			);
			projectRoot = "";
			targets = (
				5C86FDCB1C0058DF00C4A29E /* SwiftTester */,
				5C86FDDF1C0058E000C4A29E /* SwiftTesterTests */,
				5C86FDEA1C0058E000C4A29E /* SwiftTesterUITests */,
			);
		};
/* End PBXProject section */

/* Begin PBXReferenceProxy section */
		5C86FE051C00598E00C4A29E /* SwiftHTTP.framework */ = {
			isa = PBXReferenceProxy;
			fileType = wrapper.framework;
			path = SwiftHTTP.framework;
			remoteRef = 5C86FE041C00598E00C4A29E /* PBXContainerItemProxy */;
			sourceTree = BUILT_PRODUCTS_DIR;
		};
		5C86FE071C00598E00C4A29E /* SwiftHTTPTests.xctest */ = {
			isa = PBXReferenceProxy;
			fileType = wrapper.cfbundle;
			path = SwiftHTTPTests.xctest;
			remoteRef = 5C86FE061C00598E00C4A29E /* PBXContainerItemProxy */;
			sourceTree = BUILT_PRODUCTS_DIR;
		};
		5C86FE091C00598E00C4A29E /* SwiftHTTP.framework */ = {
			isa = PBXReferenceProxy;
			fileType = wrapper.framework;
			path = SwiftHTTP.framework;
			remoteRef = 5C86FE081C00598E00C4A29E /* PBXContainerItemProxy */;
			sourceTree = BUILT_PRODUCTS_DIR;
		};
		5C86FE0B1C00598E00C4A29E /* SwiftHTTPOSXTests.xctest */ = {
			isa = PBXReferenceProxy;
			fileType = wrapper.cfbundle;
			path = SwiftHTTPOSXTests.xctest;
			remoteRef = 5C86FE0A1C00598E00C4A29E /* PBXContainerItemProxy */;
			sourceTree = BUILT_PRODUCTS_DIR;
		};
		5C86FE261C005D2D00C4A29E /* JSONJoy.framework */ = {
			isa = PBXReferenceProxy;
			fileType = wrapper.framework;
			path = JSONJoy.framework;
			remoteRef = 5C86FE251C005D2D00C4A29E /* PBXContainerItemProxy */;
			sourceTree = BUILT_PRODUCTS_DIR;
		};
		5C86FE281C005D2D00C4A29E /* JSONJoyTests.xctest */ = {
			isa = PBXReferenceProxy;
			fileType = wrapper.cfbundle;
			path = JSONJoyTests.xctest;
			remoteRef = 5C86FE271C005D2D00C4A29E /* PBXContainerItemProxy */;
			sourceTree = BUILT_PRODUCTS_DIR;
		};
		5C86FE2A1C005D2D00C4A29E /* JSONJoy.framework */ = {
			isa = PBXReferenceProxy;
			fileType = wrapper.framework;
			path = JSONJoy.framework;
			remoteRef = 5C86FE291C005D2D00C4A29E /* PBXContainerItemProxy */;
			sourceTree = BUILT_PRODUCTS_DIR;
		};
		5C86FE2C1C005D2D00C4A29E /* JSONJoyOSXTests.xctest */ = {
			isa = PBXReferenceProxy;
			fileType = wrapper.cfbundle;
			path = JSONJoyOSXTests.xctest;
			remoteRef = 5C86FE2B1C005D2D00C4A29E /* PBXContainerItemProxy */;
			sourceTree = BUILT_PRODUCTS_DIR;
		};
/* End PBXReferenceProxy section */

/* Begin PBXResourcesBuildPhase section */
		5C86FDCA1C0058DF00C4A29E /* Resources */ = {
			isa = PBXResourcesBuildPhase;
			buildActionMask = 2147483647;
			files = (
				5C86FDDA1C0058DF00C4A29E /* LaunchScreen.storyboard in Resources */,
				5C86FDD71C0058DF00C4A29E /* Assets.xcassets in Resources */,
				5C86FDD51C0058DF00C4A29E /* Main.storyboard in Resources */,
			);
			runOnlyForDeploymentPostprocessing = 0;
		};
		5C86FDDE1C0058E000C4A29E /* Resources */ = {
			isa = PBXResourcesBuildPhase;
			buildActionMask = 2147483647;
			files = (
			);
			runOnlyForDeploymentPostprocessing = 0;
		};
		5C86FDE91C0058E000C4A29E /* Resources */ = {
			isa = PBXResourcesBuildPhase;
			buildActionMask = 2147483647;
			files = (
			);
			runOnlyForDeploymentPostprocessing = 0;
		};
/* End PBXResourcesBuildPhase section */

/* Begin PBXSourcesBuildPhase section */
		5C86FDC81C0058DF00C4A29E /* Sources */ = {
			isa = PBXSourcesBuildPhase;
			buildActionMask = 2147483647;
			files = (
				5C86FDD21C0058DF00C4A29E /* ViewController.swift in Sources */,
				5C86FDD01C0058DF00C4A29E /* AppDelegate.swift in Sources */,
			);
			runOnlyForDeploymentPostprocessing = 0;
		};
		5C86FDDC1C0058E000C4A29E /* Sources */ = {
			isa = PBXSourcesBuildPhase;
			buildActionMask = 2147483647;
			files = (
				5C86FDE51C0058E000C4A29E /* SwiftTesterTests.swift in Sources */,
			);
			runOnlyForDeploymentPostprocessing = 0;
		};
		5C86FDE71C0058E000C4A29E /* Sources */ = {
			isa = PBXSourcesBuildPhase;
			buildActionMask = 2147483647;
			files = (
				5C86FDF01C0058E000C4A29E /* SwiftTesterUITests.swift in Sources */,
			);
			runOnlyForDeploymentPostprocessing = 0;
		};
/* End PBXSourcesBuildPhase section */

/* Begin PBXTargetDependency section */
		5C86FDE21C0058E000C4A29E /* PBXTargetDependency */ = {
			isa = PBXTargetDependency;
			target = 5C86FDCB1C0058DF00C4A29E /* SwiftTester */;
			targetProxy = 5C86FDE11C0058E000C4A29E /* PBXContainerItemProxy */;
		};
		5C86FDED1C0058E000C4A29E /* PBXTargetDependency */ = {
			isa = PBXTargetDependency;
			target = 5C86FDCB1C0058DF00C4A29E /* SwiftTester */;
			targetProxy = 5C86FDEC1C0058E000C4A29E /* PBXContainerItemProxy */;
		};
		5C86FE0D1C0059A600C4A29E /* PBXTargetDependency */ = {
			isa = PBXTargetDependency;
			name = SwiftHTTP;
			targetProxy = 5C86FE0C1C0059A600C4A29E /* PBXContainerItemProxy */;
		};
		5C86FE2E1C005D3F00C4A29E /* PBXTargetDependency */ = {
			isa = PBXTargetDependency;
			name = JSONJoy;
			targetProxy = 5C86FE2D1C005D3F00C4A29E /* PBXContainerItemProxy */;
		};
/* End PBXTargetDependency section */

/* Begin PBXVariantGroup section */
		5C86FDD31C0058DF00C4A29E /* Main.storyboard */ = {
			isa = PBXVariantGroup;
			children = (
				5C86FDD41C0058DF00C4A29E /* Base */,
			);
			name = Main.storyboard;
			sourceTree = "<group>";
		};
		5C86FDD81C0058DF00C4A29E /* LaunchScreen.storyboard */ = {
			isa = PBXVariantGroup;
			children = (
				5C86FDD91C0058DF00C4A29E /* Base */,
			);
			name = LaunchScreen.storyboard;
			sourceTree = "<group>";
		};
/* End PBXVariantGroup section */

/* Begin XCBuildConfiguration section */
		5C86FDF21C0058E000C4A29E /* Debug */ = {
			isa = XCBuildConfiguration;
			buildSettings = {
				ALWAYS_SEARCH_USER_PATHS = NO;
				CLANG_CXX_LANGUAGE_STANDARD = "gnu++0x";
				CLANG_CXX_LIBRARY = "libc++";
				CLANG_ENABLE_MODULES = YES;
				CLANG_ENABLE_OBJC_ARC = YES;
				CLANG_WARN_BOOL_CONVERSION = YES;
				CLANG_WARN_CONSTANT_CONVERSION = YES;
				CLANG_WARN_DIRECT_OBJC_ISA_USAGE = YES_ERROR;
				CLANG_WARN_EMPTY_BODY = YES;
				CLANG_WARN_ENUM_CONVERSION = YES;
				CLANG_WARN_INT_CONVERSION = YES;
				CLANG_WARN_OBJC_ROOT_CLASS = YES_ERROR;
				CLANG_WARN_UNREACHABLE_CODE = YES;
				CLANG_WARN__DUPLICATE_METHOD_MATCH = YES;
				"CODE_SIGN_IDENTITY[sdk=iphoneos*]" = "iPhone Developer";
				COPY_PHASE_STRIP = NO;
				DEBUG_INFORMATION_FORMAT = dwarf;
				ENABLE_STRICT_OBJC_MSGSEND = YES;
				ENABLE_TESTABILITY = YES;
				GCC_C_LANGUAGE_STANDARD = gnu99;
				GCC_DYNAMIC_NO_PIC = NO;
				GCC_NO_COMMON_BLOCKS = YES;
				GCC_OPTIMIZATION_LEVEL = 0;
				GCC_PREPROCESSOR_DEFINITIONS = (
					"DEBUG=1",
					"$(inherited)",
				);
				GCC_WARN_64_TO_32_BIT_CONVERSION = YES;
				GCC_WARN_ABOUT_RETURN_TYPE = YES_ERROR;
				GCC_WARN_UNDECLARED_SELECTOR = YES;
				GCC_WARN_UNINITIALIZED_AUTOS = YES_AGGRESSIVE;
				GCC_WARN_UNUSED_FUNCTION = YES;
				GCC_WARN_UNUSED_VARIABLE = YES;
				IPHONEOS_DEPLOYMENT_TARGET = 9.0;
				MTL_ENABLE_DEBUG_INFO = YES;
				ONLY_ACTIVE_ARCH = YES;
				SDKROOT = iphoneos;
				SWIFT_OPTIMIZATION_LEVEL = "-Onone";
				TARGETED_DEVICE_FAMILY = "1,2";
			};
			name = Debug;
		};
		5C86FDF31C0058E000C4A29E /* Release */ = {
			isa = XCBuildConfiguration;
			buildSettings = {
				ALWAYS_SEARCH_USER_PATHS = NO;
				CLANG_CXX_LANGUAGE_STANDARD = "gnu++0x";
				CLANG_CXX_LIBRARY = "libc++";
				CLANG_ENABLE_MODULES = YES;
				CLANG_ENABLE_OBJC_ARC = YES;
				CLANG_WARN_BOOL_CONVERSION = YES;
				CLANG_WARN_CONSTANT_CONVERSION = YES;
				CLANG_WARN_DIRECT_OBJC_ISA_USAGE = YES_ERROR;
				CLANG_WARN_EMPTY_BODY = YES;
				CLANG_WARN_ENUM_CONVERSION = YES;
				CLANG_WARN_INT_CONVERSION = YES;
				CLANG_WARN_OBJC_ROOT_CLASS = YES_ERROR;
				CLANG_WARN_UNREACHABLE_CODE = YES;
				CLANG_WARN__DUPLICATE_METHOD_MATCH = YES;
				"CODE_SIGN_IDENTITY[sdk=iphoneos*]" = "iPhone Developer";
				COPY_PHASE_STRIP = NO;
				DEBUG_INFORMATION_FORMAT = "dwarf-with-dsym";
				ENABLE_NS_ASSERTIONS = NO;
				ENABLE_STRICT_OBJC_MSGSEND = YES;
				GCC_C_LANGUAGE_STANDARD = gnu99;
				GCC_NO_COMMON_BLOCKS = YES;
				GCC_WARN_64_TO_32_BIT_CONVERSION = YES;
				GCC_WARN_ABOUT_RETURN_TYPE = YES_ERROR;
				GCC_WARN_UNDECLARED_SELECTOR = YES;
				GCC_WARN_UNINITIALIZED_AUTOS = YES_AGGRESSIVE;
				GCC_WARN_UNUSED_FUNCTION = YES;
				GCC_WARN_UNUSED_VARIABLE = YES;
				IPHONEOS_DEPLOYMENT_TARGET = 9.0;
				MTL_ENABLE_DEBUG_INFO = NO;
				SDKROOT = iphoneos;
				TARGETED_DEVICE_FAMILY = "1,2";
				VALIDATE_PRODUCT = YES;
			};
			name = Release;
		};
		5C86FDF51C0058E000C4A29E /* Debug */ = {
			isa = XCBuildConfiguration;
			buildSettings = {
				ASSETCATALOG_COMPILER_APPICON_NAME = AppIcon;
				INFOPLIST_FILE = SwiftTester/Info.plist;
				LD_RUNPATH_SEARCH_PATHS = "$(inherited) @executable_path/Frameworks";
				PRODUCT_BUNDLE_IDENTIFIER = com.vluxe.SwiftTester;
				PRODUCT_NAME = "$(TARGET_NAME)";
			};
			name = Debug;
		};
		5C86FDF61C0058E000C4A29E /* Release */ = {
			isa = XCBuildConfiguration;
			buildSettings = {
				ASSETCATALOG_COMPILER_APPICON_NAME = AppIcon;
				INFOPLIST_FILE = SwiftTester/Info.plist;
				LD_RUNPATH_SEARCH_PATHS = "$(inherited) @executable_path/Frameworks";
				PRODUCT_BUNDLE_IDENTIFIER = com.vluxe.SwiftTester;
				PRODUCT_NAME = "$(TARGET_NAME)";
			};
			name = Release;
		};
		5C86FDF81C0058E000C4A29E /* Debug */ = {
			isa = XCBuildConfiguration;
			buildSettings = {
				BUNDLE_LOADER = "$(TEST_HOST)";
				INFOPLIST_FILE = SwiftTesterTests/Info.plist;
				LD_RUNPATH_SEARCH_PATHS = "$(inherited) @executable_path/Frameworks @loader_path/Frameworks";
				PRODUCT_BUNDLE_IDENTIFIER = com.vluxe.SwiftTesterTests;
				PRODUCT_NAME = "$(TARGET_NAME)";
				TEST_HOST = "$(BUILT_PRODUCTS_DIR)/SwiftTester.app/SwiftTester";
			};
			name = Debug;
		};
		5C86FDF91C0058E000C4A29E /* Release */ = {
			isa = XCBuildConfiguration;
			buildSettings = {
				BUNDLE_LOADER = "$(TEST_HOST)";
				INFOPLIST_FILE = SwiftTesterTests/Info.plist;
				LD_RUNPATH_SEARCH_PATHS = "$(inherited) @executable_path/Frameworks @loader_path/Frameworks";
				PRODUCT_BUNDLE_IDENTIFIER = com.vluxe.SwiftTesterTests;
				PRODUCT_NAME = "$(TARGET_NAME)";
				TEST_HOST = "$(BUILT_PRODUCTS_DIR)/SwiftTester.app/SwiftTester";
			};
			name = Release;
		};
		5C86FDFB1C0058E000C4A29E /* Debug */ = {
			isa = XCBuildConfiguration;
			buildSettings = {
				INFOPLIST_FILE = SwiftTesterUITests/Info.plist;
				LD_RUNPATH_SEARCH_PATHS = "$(inherited) @executable_path/Frameworks @loader_path/Frameworks";
				PRODUCT_BUNDLE_IDENTIFIER = com.vluxe.SwiftTesterUITests;
				PRODUCT_NAME = "$(TARGET_NAME)";
				TEST_TARGET_NAME = SwiftTester;
				USES_XCTRUNNER = YES;
			};
			name = Debug;
		};
		5C86FDFC1C0058E000C4A29E /* Release */ = {
			isa = XCBuildConfiguration;
			buildSettings = {
				INFOPLIST_FILE = SwiftTesterUITests/Info.plist;
				LD_RUNPATH_SEARCH_PATHS = "$(inherited) @executable_path/Frameworks @loader_path/Frameworks";
				PRODUCT_BUNDLE_IDENTIFIER = com.vluxe.SwiftTesterUITests;
				PRODUCT_NAME = "$(TARGET_NAME)";
				TEST_TARGET_NAME = SwiftTester;
				USES_XCTRUNNER = YES;
			};
			name = Release;
		};
/* End XCBuildConfiguration section */

/* Begin XCConfigurationList section */
		5C86FDC71C0058DF00C4A29E /* Build configuration list for PBXProject "SwiftTester" */ = {
			isa = XCConfigurationList;
			buildConfigurations = (
				5C86FDF21C0058E000C4A29E /* Debug */,
				5C86FDF31C0058E000C4A29E /* Release */,
			);
			defaultConfigurationIsVisible = 0;
			defaultConfigurationName = Release;
		};
		5C86FDF41C0058E000C4A29E /* Build configuration list for PBXNativeTarget "SwiftTester" */ = {
			isa = XCConfigurationList;
			buildConfigurations = (
				5C86FDF51C0058E000C4A29E /* Debug */,
				5C86FDF61C0058E000C4A29E /* Release */,
			);
			defaultConfigurationIsVisible = 0;
		};
		5C86FDF71C0058E000C4A29E /* Build configuration list for PBXNativeTarget "SwiftTesterTests" */ = {
			isa = XCConfigurationList;
			buildConfigurations = (
				5C86FDF81C0058E000C4A29E /* Debug */,
				5C86FDF91C0058E000C4A29E /* Release */,
			);
			defaultConfigurationIsVisible = 0;
		};
		5C86FDFA1C0058E000C4A29E /* Build configuration list for PBXNativeTarget "SwiftTesterUITests" */ = {
			isa = XCConfigurationList;
			buildConfigurations = (
				5C86FDFB1C0058E000C4A29E /* Debug */,
				5C86FDFC1C0058E000C4A29E /* Release */,
			);
			defaultConfigurationIsVisible = 0;
		};
/* End XCConfigurationList section */
	};
	rootObject = 5C86FDC41C0058DF00C4A29E /* Project object */;
}
